{
  "name": "openease-data-vis",
  "version": "1.0.1",
  "lockfileVersion": 1,
  "requires": true,
  "dependencies": {
    "@socket.io/component-emitter": {
      "version": "3.1.0",
      "resolved": "https://registry.npmjs.org/@socket.io/component-emitter/-/component-emitter-3.1.0.tgz",
      "integrity": "sha512-+9jVqKhRSpsc591z5vX+X5Yyw+he/HCB4iQ/RYxw35CEPaY1gnsNE43nf9n9AaYjAQrTiI/mOwKUKdUs9vf7Xg=="
    },
    "@types/cookie": {
      "version": "0.4.1",
      "resolved": "https://registry.npmjs.org/@types/cookie/-/cookie-0.4.1.tgz",
      "integrity": "sha512-XW/Aa8APYr6jSVVA1y/DEIZX0/GMKLEVekNG727R8cs56ahETkRAy/3DR7+fJyh7oUgGwNQaRfXCun0+KbWY7Q=="
    },
    "@types/cors": {
      "version": "2.8.12",
      "resolved": "https://registry.npmjs.org/@types/cors/-/cors-2.8.12.tgz",
      "integrity": "sha512-vt+kDhq/M2ayberEtJcIN/hxXy1Pk+59g2FV/ZQceeaTyCtCucjL2Q7FXlFjtWn4n15KCr1NE2lNNFhp0lEThw=="
    },
    "@types/node": {
      "version": "18.11.9",
      "resolved": "https://registry.npmjs.org/@types/node/-/node-18.11.9.tgz",
      "integrity": "sha512-CRpX21/kGdzjOpFsZSkcrXMGIBWMGNIHXXBVFSH+ggkftxg+XYP20TESbh+zFvFj3EQOl5byk0HTRn1IL6hbqg=="
    },
    "@xmldom/xmldom": {
      "version": "0.8.6",
      "resolved": "https://registry.npmjs.org/@xmldom/xmldom/-/xmldom-0.8.6.tgz",
      "integrity": "sha512-uRjjusqpoqfmRkTaNuLJ2VohVr67Q5YwDATW3VU7PfzTj6IRaihGrYI7zckGZjxQPBIp63nfvJbM+Yu5ICh0Bg=="
    },
    "accepts": {
      "version": "1.3.7",
      "resolved": "https://registry.npmjs.org/accepts/-/accepts-1.3.7.tgz",
      "integrity": "sha512-Il80Qs2WjYlJIBNzNkK6KYqlVMTbZLXgHx2oT0pU/fjRHyEp+PEfEPY0R3WCwAGVOtauxh1hOxNgIf5bv7dQpA==",
      "requires": {
        "mime-types": "~2.1.24",
        "negotiator": "0.6.2"
      }
    },
    "cbor-js": {
      "version": "0.1.0",
      "resolved": "https://registry.npmjs.org/cbor-js/-/cbor-js-0.1.0.tgz",
      "integrity": "sha1-yAzmEg84fo+qdDcN/aIdlluPx/k="
    },
    "cors": {
      "version": "2.8.5",
      "resolved": "https://registry.npmjs.org/cors/-/cors-2.8.5.tgz",
      "integrity": "sha512-KIHbLJqu73RGr/hnbrO9uBeixNGuvSQjul/jdFvS/KFSIH1hWVd1ng7zOHx+YrEfInLG7q4n6GHQ9cDtxv/P6g==",
      "requires": {
        "object-assign": "^4",
        "vary": "^1"
      }
    },
    "d3": {
      "version": "3.5.17",
      "resolved": "https://registry.npmjs.org/d3/-/d3-3.5.17.tgz",
      "integrity": "sha1-vEZ0gAQ3iyGjYMn8fPUjF5B2L7g="
    },
    "d3-collection": {
      "version": "1.0.7",
      "resolved": "https://registry.npmjs.org/d3-collection/-/d3-collection-1.0.7.tgz",
      "integrity": "sha512-ii0/r5f4sjKNTfh84Di+DpztYwqKhEyUlKoPrzUFfeSkWxjW49xU2QzO9qrPrNkpdI0XJkfzvmTu8V2Zylln6A=="
    },
    "d3-selection": {
      "version": "1.4.1",
      "resolved": "https://registry.npmjs.org/d3-selection/-/d3-selection-1.4.1.tgz",
      "integrity": "sha512-BTIbRjv/m5rcVTfBs4AMBLKs4x8XaaLkwm28KWu9S2vKNqXkXt2AH2Qf0sdPZHjFxcWg/YL53zcqAz+3g4/7PA=="
    },
    "d3-tip": {
      "version": "0.9.1",
      "resolved": "https://registry.npmjs.org/d3-tip/-/d3-tip-0.9.1.tgz",
      "integrity": "sha512-EVBfG9d+HnjIoyVXfhpytWxlF59JaobwizqMX9EBXtsFmJytjwHeYiUs74ldHQjE7S9vzfKTx2LCtvUrIbuFYg==",
      "requires": {
        "d3-collection": "^1.0.4",
        "d3-selection": "^1.3.0"
      }
    },
    "eventemitter2": {
      "version": "4.1.2",
      "resolved": "https://registry.npmjs.org/eventemitter2/-/eventemitter2-4.1.2.tgz",
      "integrity": "sha512-erx0niBaTi8B7ywjGAcg8ilGNRl/xs/o4MO2ZMpRlpZ62mYzjGTBlOpxxRIrPQqBs9mbXkEux6aR+Sc5vQ/wUw=="
    },
    "mime-db": {
      "version": "1.43.0",
      "resolved": "https://registry.npmjs.org/mime-db/-/mime-db-1.43.0.tgz",
      "integrity": "sha512-+5dsGEEovYbT8UY9yD7eE4XTc4UwJ1jBYlgaQQF38ENsKR3wj/8q8RFZrF9WIZpB2V1ArTVFUva8sAul1NzRzQ=="
    },
    "mime-types": {
      "version": "2.1.26",
      "resolved": "https://registry.npmjs.org/mime-types/-/mime-types-2.1.26.tgz",
      "integrity": "sha512-01paPWYgLrkqAyrlDorC1uDwl2p3qZT7yl806vW7DvDoxwXi46jsjFbg+WdwotBIk6/MbEhO/dh5aZ5sNj/dWQ==",
      "requires": {
        "mime-db": "1.43.0"
      }
    },
    "negotiator": {
      "version": "0.6.2",
      "resolved": "https://registry.npmjs.org/negotiator/-/negotiator-0.6.2.tgz",
      "integrity": "sha512-hZXc7K2e+PgeI1eDBe/10Ard4ekbfrrqG8Ep+8Jmf4JID2bNg7NvCPOZN+kfF574pFQI7mum2AUqDidoKqcTOw=="
    },
    "object-assign": {
      "version": "4.1.1",
      "resolved": "https://registry.npmjs.org/object-assign/-/object-assign-4.1.1.tgz",
      "integrity": "sha1-IQmtx5ZYh8/AXLvUQsrIv7s2CGM="
    },
    "pngparse": {
      "version": "2.0.1",
      "resolved": "https://registry.npmjs.org/pngparse/-/pngparse-2.0.1.tgz",
      "integrity": "sha1-hoUt5N40n077HoUudSVlXlrF37g="
    },
    "ros3d": {
      "version": "git://github.com/RobotWebTools/ros3djs.git#827b875644c269a09cab77aca75548ffabfc01f8",
      "from": "git://github.com/RobotWebTools/ros3djs.git#develop",
      "requires": {
        "eventemitter2": "^4.1.0",
        "roslib": "^1.0.0",
        "three": "^0.89.0"
      }
    },
    "roslib": {
      "version": "1.3.0",
      "resolved": "https://registry.npmjs.org/roslib/-/roslib-1.3.0.tgz",
      "integrity": "sha512-MqxHMW6bMpZbamgOonSOP9WJY4axCQncT5CJD1jXBjYMdp+79udwyDsD2RQXX2/Lokro8bT9LkXiW6wNn6Gxhg==",
      "requires": {
        "@xmldom/xmldom": "^0.8.0",
        "cbor-js": "^0.1.0",
        "eventemitter2": "^6.4.0",
        "object-assign": "^4.0.0",
        "pngparse": "^2.0.0",
        "socket.io": "^4.0.0",
        "webworkify": "^1.5.0",
        "webworkify-webpack": "^2.1.5",
        "ws": "^8.0.0"
      },
      "dependencies": {
        "base64id": {
          "version": "2.0.0",
          "resolved": "https://registry.npmjs.org/base64id/-/base64id-2.0.0.tgz",
          "integrity": "sha512-lGe34o6EHj9y3Kts9R4ZYs/Gr+6N7MCaMlIFA3F1R2O5/m7K06AxfSeO5530PEERE6/WyEg3lsuyw4GHlPZHog=="
        },
        "cookie": {
          "version": "0.4.2",
          "resolved": "https://registry.npmjs.org/cookie/-/cookie-0.4.2.tgz",
          "integrity": "sha512-aSWTXFzaKWkvHO1Ny/s+ePFpvKsPnjc551iI41v3ny/ow6tBG5Vd+FuqGNhh1LxOmVzOlGUriIlOaokOvhaStA=="
        },
        "debug": {
          "version": "4.3.4",
          "resolved": "https://registry.npmjs.org/debug/-/debug-4.3.4.tgz",
          "integrity": "sha512-PRWFHuSU3eDtQJPvnNY7Jcket1j0t5OuOsFzPPzsekD52Zl8qUfFIPEiswXqIvHWGVHOgX+7G/vCNNhehwxfkQ==",
          "requires": {
            "ms": "2.1.2"
          }
        },
        "engine.io": {
          "version": "6.2.1",
          "resolved": "https://registry.npmjs.org/engine.io/-/engine.io-6.2.1.tgz",
          "integrity": "sha512-ECceEFcAaNRybd3lsGQKas3ZlMVjN3cyWwMP25D2i0zWfyiytVbTpRPa34qrr+FHddtpBVOmq4H/DCv1O0lZRA==",
          "requires": {
            "@types/cookie": "^0.4.1",
            "@types/cors": "^2.8.12",
            "@types/node": ">=10.0.0",
            "accepts": "~1.3.4",
            "base64id": "2.0.0",
            "cookie": "~0.4.1",
            "cors": "~2.8.5",
            "debug": "~4.3.1",
            "engine.io-parser": "~5.0.3",
            "ws": "~8.2.3"
          },
          "dependencies": {
            "ws": {
              "version": "8.2.3",
              "resolved": "https://registry.npmjs.org/ws/-/ws-8.2.3.tgz",
              "integrity": "sha512-wBuoj1BDpC6ZQ1B7DWQBYVLphPWkm8i9Y0/3YdHjHKHiohOJ1ws+3OccDWtH+PoC9DZD5WOTrJvNbWvjS6JWaA=="
            }
          }
        },
        "engine.io-parser": {
          "version": "5.0.4",
          "resolved": "https://registry.npmjs.org/engine.io-parser/-/engine.io-parser-5.0.4.tgz",
          "integrity": "sha512-+nVFp+5z1E3HcToEnO7ZIj3g+3k9389DvWtvJZz0T6/eOCPIyyxehFcedoYrZQrp0LgQbD9pPXhpMBKMd5QURg=="
        },
        "eventemitter2": {
          "version": "6.4.9",
          "resolved": "https://registry.npmjs.org/eventemitter2/-/eventemitter2-6.4.9.tgz",
          "integrity": "sha512-JEPTiaOt9f04oa6NOkc4aH+nVp5I3wEjpHbIPqfgCdD5v5bUzy7xQqwcVO2aDQgOWhI28da57HksMrzK9HlRxg=="
        },
        "ms": {
          "version": "2.1.2",
          "resolved": "https://registry.npmjs.org/ms/-/ms-2.1.2.tgz",
          "integrity": "sha512-sGkPx+VjMtmA6MX27oA4FBFELFCZZ4S4XqeGOXCv68tT+jb3vk/RyaKWP0PTKyWtmLSM0b+adUTEvbs1PEaH2w=="
        },
        "socket.io": {
          "version": "4.5.4",
          "resolved": "https://registry.npmjs.org/socket.io/-/socket.io-4.5.4.tgz",
          "integrity": "sha512-m3GC94iK9MfIEeIBfbhJs5BqFibMtkRk8ZpKwG2QwxV0m/eEhPIV4ara6XCF1LWNAus7z58RodiZlAH71U3EhQ==",
          "requires": {
            "accepts": "~1.3.4",
            "base64id": "~2.0.0",
            "debug": "~4.3.2",
            "engine.io": "~6.2.1",
            "socket.io-adapter": "~2.4.0",
            "socket.io-parser": "~4.2.1"
          }
        },
        "socket.io-adapter": {
          "version": "2.4.0",
          "resolved": "https://registry.npmjs.org/socket.io-adapter/-/socket.io-adapter-2.4.0.tgz",
          "integrity": "sha512-W4N+o69rkMEGVuk2D/cvca3uYsvGlMwsySWV447y99gUPghxq42BxqLNMndb+a1mm/5/7NeXVQS7RLa2XyXvYg=="
        },
        "socket.io-parser": {
          "version": "4.2.1",
          "resolved": "https://registry.npmjs.org/socket.io-parser/-/socket.io-parser-4.2.1.tgz",
          "integrity": "sha512-V4GrkLy+HeF1F/en3SpUaM+7XxYXpuMUWLGde1kSSh5nQMN4hLrbPIkD+otwh6q9R6NOQBN4AMaOZ2zVjui82g==",
          "requires": {
            "@socket.io/component-emitter": "~3.1.0",
            "debug": "~4.3.1"
          }
        },
        "ws": {
          "version": "8.11.0",
          "resolved": "https://registry.npmjs.org/ws/-/ws-8.11.0.tgz",
          "integrity": "sha512-HPG3wQd9sNQoT9xHyNCXoDUa+Xw/VevmY9FoHyQ+g+rrMn4j6FB4np7Z0OhdTgjx6MgQLK7jwSy1YecU1+4Asg=="
        }
      }
    },
    "three": {
      "version": "0.89.0",
      "resolved": "https://registry.npmjs.org/three/-/three-0.89.0.tgz",
      "integrity": "sha512-Evv3JolLQtag/lCWu1o3cgz2E5UYCSZHbh9lfBjeLz7nlK8DMmASID680Odl++ZPYk63rrZjPAMq88IrMP3GCA=="
    },
    "vary": {
      "version": "1.1.2",
      "resolved": "https://registry.npmjs.org/vary/-/vary-1.1.2.tgz",
      "integrity": "sha512-BNGbWLfd0eUPabhkXUVm0j8uuvREyTh5ovRa/dyow/BqAbZJyC+5fU+IzQOzmAKzYqYRAISoRhdQr3eIZ/PXqg=="
    },
    "webworkify": {
      "version": "1.5.0",
      "resolved": "https://registry.npmjs.org/webworkify/-/webworkify-1.5.0.tgz",
      "integrity": "sha512-AMcUeyXAhbACL8S2hqqdqOLqvJ8ylmIbNwUIqQujRSouf4+eUFaXbG6F1Rbu+srlJMmxQWsiU7mOJi0nMBfM1g=="
    },
    "webworkify-webpack": {
      "version": "2.1.5",
      "resolved": "https://registry.npmjs.org/webworkify-webpack/-/webworkify-webpack-2.1.5.tgz",
      "integrity": "sha512-2akF8FIyUvbiBBdD+RoHpoTbHMQF2HwjcxfDvgztAX5YwbZNyrtfUMgvfgFVsgDhDPVTlkbb5vyasqDHfIDPQw=="
    }
  }
}
